
Microsoft Visual Studio Solution File, Format Version 12.00
# Visual Studio 15
VisualStudioVersion = 15.0.27428.2015
MinimumVisualStudioVersion = 10.0.40219.1
Project("{FAE04EC0-301F-11D3-BF4B-00C04F79EFBC}") = "NettyCSharp", "NettyCSharp.csproj", "{80D668D1-B9CD-4FBD-87D3-52439C18A6E9}"
EndProject
Global
	GlobalSection(SolutionConfigurationPlatforms) = preSolution
		Debug|Any CPU = Debug|Any CPU
		Release|Any CPU = Release|Any CPU
	EndGlobalSection
	GlobalSection(ProjectConfigurationPlatforms) = postSolution
		{80D668D1-B9CD-4FBD-87D3-52439C18A6E9}.Debug|Any CPU.ActiveCfg = Debug|Any CPU
		{80D668D1-B9CD-4FBD-87D3-52439C18A6E9}.Debug|Any CPU.Build.0 = Debug|Any CPU
		{80D668D1-B9CD-4FBD-87D3-52439C18A6E9}.Release|Any CPU.ActiveCfg = Release|Any CPU
		{80D668D1-B9CD-4FBD-87D3-52439C18A6E9}.Release|Any CPU.Build.0 = Release|Any CPU
	EndGlobalSection
	GlobalSection(SolutionProperties) = preSolution
		HideSolutionNode = FALSE
	EndGlobalSection
	GlobalSection(ExtensibilityGlobals) = postSolution
		SolutionGuid = {4E987533-9010-4BA8-9E17-E86D581FFF3C}
	EndGlobalSection
EndGlobal
